
Microsoft Visual Studio Solution File, Format Version 12.00
# Visual Studio 15
VisualStudioVersion = 15.0.27130.2024
MinimumVisualStudioVersion = 10.0.40219.1
Project("{9A19103F-16F7-4668-BE54-9A1E7A4F7556}") = "Gdax.Feed", "Gdax.Feed\Gdax.Feed.csproj", "{27FAE701-BC71-4AE3-9A55-16A3FE34701A}"
EndProject
Global
	GlobalSection(SolutionConfigurationPlatforms) = preSolution
		Debug|Any CPU = Debug|Any CPU
		Release|Any CPU = Release|Any CPU
	EndGlobalSection
	GlobalSection(ProjectConfigurationPlatforms) = postSolution
		{27FAE701-BC71-4AE3-9A55-16A3FE34701A}.Debug|Any CPU.ActiveCfg = Debug|Any CPU
		{27FAE701-BC71-4AE3-9A55-16A3FE34701A}.Debug|Any CPU.Build.0 = Debug|Any CPU
		{27FAE701-BC71-4AE3-9A55-16A3FE34701A}.Release|Any CPU.ActiveCfg = Release|Any CPU
		{27FAE701-BC71-4AE3-9A55-16A3FE34701A}.Release|Any CPU.Build.0 = Release|Any CPU
	EndGlobalSection
	GlobalSection(SolutionProperties) = preSolution
		HideSolutionNode = FALSE
	EndGlobalSection
	GlobalSection(ExtensibilityGlobals) = postSolution
		SolutionGuid = {B255DD57-ACB0-490D-A6D9-A14EB625AF75}
	EndGlobalSection
EndGlobal
